{
  "object": {
    "pins": [
      {
        "package": "FileKit",
        "repositoryURL": "https://github.com/nvzqz/FileKit.git",
        "state": {
          "branch": null,
          "revision": "93505a1ad04b4a2de01abd751ace4f05c6db16a5",
          "version": "5.0.0"
        }
      },
      {
        "package": "SWXMLHash",
        "repositoryURL": "https://github.com/drmohundro/SWXMLHash.git",
        "state": {
          "branch": null,
          "revision": "12496b370363034ccc919e1d72a99b9970b4941e",
          "version": "4.2.5"
        }
      }
    ]
  },
  "version": 1
}
